// !$*UTF8*$!
{
	archiveVersion = 1;
	classes = {
	};
	objectVersion = 50;
	objects = {

/* Begin PBXBuildFile section */
		EE8721CC23E7BFE9006AAC82 /* AppDelegate.swift in Sources */ = {isa = PBXBuildFile; fileRef = EE8721CB23E7BFE9006AAC82 /* AppDelegate.swift */; };
		EE8721CE23E7BFE9006AAC82 /* SceneDelegate.swift in Sources */ = {isa = PBXBuildFile; fileRef = EE8721CD23E7BFE9006AAC82 /* SceneDelegate.swift */; };
		EE8721D323E7BFE9006AAC82 /* Main.storyboard in Resources */ = {isa = PBXBuildFile; fileRef = EE8721D123E7BFE9006AAC82 /* Main.storyboard */; };
		EE8721D623E7BFE9006AAC82 /* BookListApp.xcdatamodeld in Sources */ = {isa = PBXBuildFile; fileRef = EE8721D423E7BFE9006AAC82 /* BookListApp.xcdatamodeld */; };
		EE8721D823E7BFEB006AAC82 /* Assets.xcassets in Resources */ = {isa = PBXBuildFile; fileRef = EE8721D723E7BFEB006AAC82 /* Assets.xcassets */; };
		EE8721DB23E7BFEB006AAC82 /* LaunchScreen.storyboard in Resources */ = {isa = PBXBuildFile; fileRef = EE8721D923E7BFEB006AAC82 /* LaunchScreen.storyboard */; };
		EE8721E423E7C062006AAC82 /* BooksTableViewController.swift in Sources */ = {isa = PBXBuildFile; fileRef = EE8721E323E7C062006AAC82 /* BooksTableViewController.swift */; };
/* End PBXBuildFile section */

/* Begin PBXFileReference section */
		EE8721C823E7BFE9006AAC82 /* BookListApp.app */ = {isa = PBXFileReference; explicitFileType = wrapper.application; includeInIndex = 0; path = BookListApp.app; sourceTree = BUILT_PRODUCTS_DIR; };
		EE8721CB23E7BFE9006AAC82 /* AppDelegate.swift */ = {isa = PBXFileReference; lastKnownFileType = sourcecode.swift; path = AppDelegate.swift; sourceTree = "<group>"; };
		EE8721CD23E7BFE9006AAC82 /* SceneDelegate.swift */ = {isa = PBXFileReference; lastKnownFileType = sourcecode.swift; path = SceneDelegate.swift; sourceTree = "<group>"; };
		EE8721D223E7BFE9006AAC82 /* Base */ = {isa = PBXFileReference; lastKnownFileType = file.storyboard; name = Base; path = Base.lproj/Main.storyboard; sourceTree = "<group>"; };
		EE8721D523E7BFE9006AAC82 /* BookListApp.xcdatamodel */ = {isa = PBXFileReference; lastKnownFileType = wrapper.xcdatamodel; path = BookListApp.xcdatamodel; sourceTree = "<group>"; };
		EE8721D723E7BFEB006AAC82 /* Assets.xcassets */ = {isa = PBXFileReference; lastKnownFileType = folder.assetcatalog; path = Assets.xcassets; sourceTree = "<group>"; };
		EE8721DA23E7BFEB006AAC82 /* Base */ = {isa = PBXFileReference; lastKnownFileType = file.storyboard; name = Base; path = Base.lproj/LaunchScreen.storyboard; sourceTree = "<group>"; };
		EE8721DC23E7BFEB006AAC82 /* Info.plist */ = {isa = PBXFileReference; lastKnownFileType = text.plist.xml; path = Info.plist; sourceTree = "<group>"; };
		EE8721E323E7C062006AAC82 /* BooksTableViewController.swift */ = {isa = PBXFileReference; lastKnownFileType = sourcecode.swift; path = BooksTableViewController.swift; sourceTree = "<group>"; };
/* End PBXFileReference section */

/* Begin PBXFrameworksBuildPhase section */
		EE8721C523E7BFE9006AAC82 /* Frameworks */ = {
			isa = PBXFrameworksBuildPhase;
			buildActionMask = 2147483647;
			files = (
			);
			runOnlyForDeploymentPostprocessing = 0;
		};
/* End PBXFrameworksBuildPhase section */

/* Begin PBXGroup section */
		EE8721BF23E7BFE9006AAC82 = {
			isa = PBXGroup;
			children = (
				EE8721CA23E7BFE9006AAC82 /* BookListApp */,
				EE8721C923E7BFE9006AAC82 /* Products */,
			);
			sourceTree = "<group>";
		};
		EE8721C923E7BFE9006AAC82 /* Products */ = {
			isa = PBXGroup;
			children = (
				EE8721C823E7BFE9006AAC82 /* BookListApp.app */,
			);
			name = Products;
			sourceTree = "<group>";
		};
		EE8721CA23E7BFE9006AAC82 /* BookListApp */ = {
			isa = PBXGroup;
			children = (
				EE8721E523E7C5B9006AAC82 /* Models */,
				EE8721E223E7C044006AAC82 /* Controllers */,
				EE8721CB23E7BFE9006AAC82 /* AppDelegate.swift */,
				EE8721CD23E7BFE9006AAC82 /* SceneDelegate.swift */,
				EE8721D123E7BFE9006AAC82 /* Main.storyboard */,
				EE8721D723E7BFEB006AAC82 /* Assets.xcassets */,
				EE8721D923E7BFEB006AAC82 /* LaunchScreen.storyboard */,
				EE8721DC23E7BFEB006AAC82 /* Info.plist */,
				EE8721D423E7BFE9006AAC82 /* BookListApp.xcdatamodeld */,
			);
			path = BookListApp;
			sourceTree = "<group>";
		};
		EE8721E223E7C044006AAC82 /* Controllers */ = {
			isa = PBXGroup;
			children = (
				EE8721E323E7C062006AAC82 /* BooksTableViewController.swift */,
			);
			path = Controllers;
			sourceTree = "<group>";
		};
		EE8721E523E7C5B9006AAC82 /* Models */ = {
			isa = PBXGroup;
			children = (
			);
			path = Models;
			sourceTree = "<group>";
		};
/* End PBXGroup section */

/* Begin PBXNativeTarget section */
		EE8721C723E7BFE9006AAC82 /* BookListApp */ = {
			isa = PBXNativeTarget;
			buildConfigurationList = EE8721DF23E7BFEB006AAC82 /* Build configuration list for PBXNativeTarget "BookListApp" */;
			buildPhases = (
				EE8721C423E7BFE9006AAC82 /* Sources */,
				EE8721C523E7BFE9006AAC82 /* Frameworks */,
				EE8721C623E7BFE9006AAC82 /* Resources */,
			);
			buildRules = (
			);
			dependencies = (
			);
			name = BookListApp;
			productName = BookListApp;
			productReference = EE8721C823E7BFE9006AAC82 /* BookListApp.app */;
			productType = "com.apple.product-type.application";
		};
/* End PBXNativeTarget section */

/* Begin PBXProject section */
		EE8721C023E7BFE9006AAC82 /* Project object */ = {
			isa = PBXProject;
			attributes = {
				LastSwiftUpdateCheck = 1130;
				LastUpgradeCheck = 1130;
				ORGANIZATIONNAME = "Libranner Leonel Santos Espinal";
				TargetAttributes = {
					EE8721C723E7BFE9006AAC82 = {
						CreatedOnToolsVersion = 11.3.1;
					};
				};
			};
			buildConfigurationList = EE8721C323E7BFE9006AAC82 /* Build configuration list for PBXProject "BookListApp" */;
			compatibilityVersion = "Xcode 9.3";
			developmentRegion = en;
			hasScannedForEncodings = 0;
			knownRegions = (
				en,
				Base,
			);
			mainGroup = EE8721BF23E7BFE9006AAC82;
			productRefGroup = EE8721C923E7BFE9006AAC82 /* Products */;
			projectDirPath = "";
			projectRoot = "";
			targets = (
				EE8721C723E7BFE9006AAC82 /* BookListApp */,
			);
		};
/* End PBXProject section */

/* Begin PBXResourcesBuildPhase section */
		EE8721C623E7BFE9006AAC82 /* Resources */ = {
			isa = PBXResourcesBuildPhase;
			buildActionMask = 2147483647;
			files = (
				EE8721DB23E7BFEB006AAC82 /* LaunchScreen.storyboard in Resources */,
				EE8721D823E7BFEB006AAC82 /* Assets.xcassets in Resources */,
				EE8721D323E7BFE9006AAC82 /* Main.storyboard in Resources */,
			);
			runOnlyForDeploymentPostprocessing = 0;
		};
/* End PBXResourcesBuildPhase section */

/* Begin PBXSourcesBuildPhase section */
		EE8721C423E7BFE9006AAC82 /* Sources */ = {
			isa = PBXSourcesBuildPhase;
			buildActionMask = 2147483647;
			files = (
				EE8721D623E7BFE9006AAC82 /* BookListApp.xcdatamodeld in Sources */,
				EE8721E423E7C062006AAC82 /* BooksTableViewController.swift in Sources */,
				EE8721CC23E7BFE9006AAC82 /* AppDelegate.swift in Sources */,
				EE8721CE23E7BFE9006AAC82 /* SceneDelegate.swift in Sources */,
			);
			runOnlyForDeploymentPostprocessing = 0;
		};
/* End PBXSourcesBuildPhase section */

/* Begin PBXVariantGroup section */
		EE8721D123E7BFE9006AAC82 /* Main.storyboard */ = {
			isa = PBXVariantGroup;
			children = (
				EE8721D223E7BFE9006AAC82 /* Base */,
			);
			name = Main.storyboard;
			sourceTree = "<group>";
		};
		EE8721D923E7BFEB006AAC82 /* LaunchScreen.storyboard */ = {
			isa = PBXVariantGroup;
			children = (
				EE8721DA23E7BFEB006AAC82 /* Base */,
			);
			name = LaunchScreen.storyboard;
			sourceTree = "<group>";
		};
/* End PBXVariantGroup section */

/* Begin XCBuildConfiguration section */
		EE8721DD23E7BFEB006AAC82 /* Debug */ = {
			isa = XCBuildConfiguration;
			buildSettings = {
				ALWAYS_SEARCH_USER_PATHS = NO;
				CLANG_ANALYZER_NONNULL = YES;
				CLANG_ANALYZER_NUMBER_OBJECT_CONVERSION = YES_AGGRESSIVE;
				CLANG_CXX_LANGUAGE_STANDARD = "gnu++14";
				CLANG_CXX_LIBRARY = "libc++";
				CLANG_ENABLE_MODULES = YES;
				CLANG_ENABLE_OBJC_ARC = YES;
				CLANG_ENABLE_OBJC_WEAK = YES;
				CLANG_WARN_BLOCK_CAPTURE_AUTORELEASING = YES;
				CLANG_WARN_BOOL_CONVERSION = YES;
				CLANG_WARN_COMMA = YES;
				CLANG_WARN_CONSTANT_CONVERSION = YES;
				CLANG_WARN_DEPRECATED_OBJC_IMPLEMENTATIONS = YES;
				CLANG_WARN_DIRECT_OBJC_ISA_USAGE = YES_ERROR;
				CLANG_WARN_DOCUMENTATION_COMMENTS = YES;
				CLANG_WARN_EMPTY_BODY = YES;
				CLANG_WARN_ENUM_CONVERSION = YES;
				CLANG_WARN_INFINITE_RECURSION = YES;
				CLANG_WARN_INT_CONVERSION = YES;
				CLANG_WARN_NON_LITERAL_NULL_CONVERSION = YES;
				CLANG_WARN_OBJC_IMPLICIT_RETAIN_SELF = YES;
				CLANG_WARN_OBJC_LITERAL_CONVERSION = YES;
				CLANG_WARN_OBJC_ROOT_CLASS = YES_ERROR;
				CLANG_WARN_RANGE_LOOP_ANALYSIS = YES;
				CLANG_WARN_STRICT_PROTOTYPES = YES;
				CLANG_WARN_SUSPICIOUS_MOVE = YES;
				CLANG_WARN_UNGUARDED_AVAILABILITY = YES_AGGRESSIVE;
				CLANG_WARN_UNREACHABLE_CODE = YES;
				CLANG_WARN__DUPLICATE_METHOD_MATCH = YES;
				COPY_PHASE_STRIP = NO;
				DEBUG_INFORMATION_FORMAT = dwarf;
				ENABLE_STRICT_OBJC_MSGSEND = YES;
				ENABLE_TESTABILITY = YES;
				GCC_C_LANGUAGE_STANDARD = gnu11;
				GCC_DYNAMIC_NO_PIC = NO;
				GCC_NO_COMMON_BLOCKS = YES;
				GCC_OPTIMIZATION_LEVEL = 0;
				GCC_PREPROCESSOR_DEFINITIONS = (
					"DEBUG=1",
					"$(inherited)",
				);
				GCC_WARN_64_TO_32_BIT_CONVERSION = YES;
				GCC_WARN_ABOUT_RETURN_TYPE = YES_ERROR;
				GCC_WARN_UNDECLARED_SELECTOR = YES;
				GCC_WARN_UNINITIALIZED_AUTOS = YES_AGGRESSIVE;
				GCC_WARN_UNUSED_FUNCTION = YES;
				GCC_WARN_UNUSED_VARIABLE = YES;
				IPHONEOS_DEPLOYMENT_TARGET = 13.2;
				MTL_ENABLE_DEBUG_INFO = INCLUDE_SOURCE;
				MTL_FAST_MATH = YES;
				ONLY_ACTIVE_ARCH = YES;
				SDKROOT = iphoneos;
				SWIFT_ACTIVE_COMPILATION_CONDITIONS = DEBUG;
				SWIFT_OPTIMIZATION_LEVEL = "-Onone";
			};
			name = Debug;
		};
		EE8721DE23E7BFEB006AAC82 /* Release */ = {
			isa = XCBuildConfiguration;
			buildSettings = {
				ALWAYS_SEARCH_USER_PATHS = NO;
				CLANG_ANALYZER_NONNULL = YES;
				CLANG_ANALYZER_NUMBER_OBJECT_CONVERSION = YES_AGGRESSIVE;
				CLANG_CXX_LANGUAGE_STANDARD = "gnu++14";
				CLANG_CXX_LIBRARY = "libc++";
				CLANG_ENABLE_MODULES = YES;
				CLANG_ENABLE_OBJC_ARC = YES;
				CLANG_ENABLE_OBJC_WEAK = YES;
				CLANG_WARN_BLOCK_CAPTURE_AUTORELEASING = YES;
				CLANG_WARN_BOOL_CONVERSION = YES;
				CLANG_WARN_COMMA = YES;
				CLANG_WARN_CONSTANT_CONVERSION = YES;
				CLANG_WARN_DEPRECATED_OBJC_IMPLEMENTATIONS = YES;
				CLANG_WARN_DIRECT_OBJC_ISA_USAGE = YES_ERROR;
				CLANG_WARN_DOCUMENTATION_COMMENTS = YES;
				CLANG_WARN_EMPTY_BODY = YES;
				CLANG_WARN_ENUM_CONVERSION = YES;
				CLANG_WARN_INFINITE_RECURSION = YES;
				CLANG_WARN_INT_CONVERSION = YES;
				CLANG_WARN_NON_LITERAL_NULL_CONVERSION = YES;
				CLANG_WARN_OBJC_IMPLICIT_RETAIN_SELF = YES;
				CLANG_WARN_OBJC_LITERAL_CONVERSION = YES;
				CLANG_WARN_OBJC_ROOT_CLASS = YES_ERROR;
				CLANG_WARN_RANGE_LOOP_ANALYSIS = YES;
				CLANG_WARN_STRICT_PROTOTYPES = YES;
				CLANG_WARN_SUSPICIOUS_MOVE = YES;
				CLANG_WARN_UNGUARDED_AVAILABILITY = YES_AGGRESSIVE;
				CLANG_WARN_UNREACHABLE_CODE = YES;
				CLANG_WARN__DUPLICATE_METHOD_MATCH = YES;
				COPY_PHASE_STRIP = NO;
				DEBUG_INFORMATION_FORMAT = "dwarf-with-dsym";
				ENABLE_NS_ASSERTIONS = NO;
				ENABLE_STRICT_OBJC_MSGSEND = YES;
				GCC_C_LANGUAGE_STANDARD = gnu11;
				GCC_NO_COMMON_BLOCKS = YES;
				GCC_WARN_64_TO_32_BIT_CONVERSION = YES;
				GCC_WARN_ABOUT_RETURN_TYPE = YES_ERROR;
				GCC_WARN_UNDECLARED_SELECTOR = YES;
				GCC_WARN_UNINITIALIZED_AUTOS = YES_AGGRESSIVE;
				GCC_WARN_UNUSED_FUNCTION = YES;
				GCC_WARN_UNUSED_VARIABLE = YES;
				IPHONEOS_DEPLOYMENT_TARGET = 13.2;
				MTL_ENABLE_DEBUG_INFO = NO;
				MTL_FAST_MATH = YES;
				SDKROOT = iphoneos;
				SWIFT_COMPILATION_MODE = wholemodule;
				SWIFT_OPTIMIZATION_LEVEL = "-O";
				VALIDATE_PRODUCT = YES;
			};
			name = Release;
		};
		EE8721E023E7BFEB006AAC82 /* Debug */ = {
			isa = XCBuildConfiguration;
			buildSettings = {
				ASSETCATALOG_COMPILER_APPICON_NAME = AppIcon;
				CODE_SIGN_STYLE = Automatic;
				DEVELOPMENT_TEAM = KH7D2YUBPG;
				INFOPLIST_FILE = BookListApp/Info.plist;
				LD_RUNPATH_SEARCH_PATHS = (
					"$(inherited)",
					"@executable_path/Frameworks",
				);
				PRODUCT_BUNDLE_IDENTIFIER = com.libranner.BookListApp;
				PRODUCT_NAME = "$(TARGET_NAME)";
				SWIFT_VERSION = 5.0;
				TARGETED_DEVICE_FAMILY = "1,2";
			};
			name = Debug;
		};
		EE8721E123E7BFEB006AAC82 /* Release */ = {
			isa = XCBuildConfiguration;
			buildSettings = {
				ASSETCATALOG_COMPILER_APPICON_NAME = AppIcon;
				CODE_SIGN_STYLE = Automatic;
				DEVELOPMENT_TEAM = KH7D2YUBPG;
				INFOPLIST_FILE = BookListApp/Info.plist;
				LD_RUNPATH_SEARCH_PATHS = (
					"$(inherited)",
					"@executable_path/Frameworks",
				);
				PRODUCT_BUNDLE_IDENTIFIER = com.libranner.BookListApp;
				PRODUCT_NAME = "$(TARGET_NAME)";
				SWIFT_VERSION = 5.0;
				TARGETED_DEVICE_FAMILY = "1,2";
			};
			name = Release;
		};
/* End XCBuildConfiguration section */

/* Begin XCConfigurationList section */
		EE8721C323E7BFE9006AAC82 /* Build configuration list for PBXProject "BookListApp" */ = {
			isa = XCConfigurationList;
			buildConfigurations = (
				EE8721DD23E7BFEB006AAC82 /* Debug */,
				EE8721DE23E7BFEB006AAC82 /* Release */,
			);
			defaultConfigurationIsVisible = 0;
			defaultConfigurationName = Release;
		};
		EE8721DF23E7BFEB006AAC82 /* Build configuration list for PBXNativeTarget "BookListApp" */ = {
			isa = XCConfigurationList;
			buildConfigurations = (
				EE8721E023E7BFEB006AAC82 /* Debug */,
				EE8721E123E7BFEB006AAC82 /* Release */,
			);
			defaultConfigurationIsVisible = 0;
			defaultConfigurationName = Release;
		};
/* End XCConfigurationList section */

/* Begin XCVersionGroup section */
		EE8721D423E7BFE9006AAC82 /* BookListApp.xcdatamodeld */ = {
			isa = XCVersionGroup;
			children = (
				EE8721D523E7BFE9006AAC82 /* BookListApp.xcdatamodel */,
			);
			currentVersion = EE8721D523E7BFE9006AAC82 /* BookListApp.xcdatamodel */;
			path = BookListApp.xcdatamodeld;
			sourceTree = "<group>";
			versionGroupType = wrapper.xcdatamodel;
		};
/* End XCVersionGroup section */
	};
	rootObject = EE8721C023E7BFE9006AAC82 /* Project object */;
}
